
Microsoft Visual Studio Solution File, Format Version 12.00
Project("{FAE04EC0-301F-11D3-BF4B-00C04F79EFBC}") = "AppStruct2", "AppStruct2\AppStruct2.csproj", "{3723F186-6813-4FB4-9BAB-DA6BD03AFC1D}"
EndProject
Global
	GlobalSection(SolutionConfigurationPlatforms) = preSolution
		Debug|Any CPU = Debug|Any CPU
		Release|Any CPU = Release|Any CPU
	EndGlobalSection
	GlobalSection(ProjectConfigurationPlatforms) = postSolution
		{3723F186-6813-4FB4-9BAB-DA6BD03AFC1D}.Debug|Any CPU.ActiveCfg = Debug|Any CPU
		{3723F186-6813-4FB4-9BAB-DA6BD03AFC1D}.Debug|Any CPU.Build.0 = Debug|Any CPU
		{3723F186-6813-4FB4-9BAB-DA6BD03AFC1D}.Release|Any CPU.ActiveCfg = Release|Any CPU
		{3723F186-6813-4FB4-9BAB-DA6BD03AFC1D}.Release|Any CPU.Build.0 = Release|Any CPU
	EndGlobalSection
EndGlobal
